
Microsoft Visual Studio Solution File, Format Version 12.00
# Visual Studio Version 17
VisualStudioVersion = 17.7.34009.444
MinimumVisualStudioVersion = 10.0.40219.1
Project("{FAE04EC0-301F-11D3-BF4B-00C04F79EFBC}") = "prac_1", "prac_1\prac_1.csproj", "{D1A3AE0E-8295-47C2-8796-6BAF833491B1}"
EndProject
Global
	GlobalSection(SolutionConfigurationPlatforms) = preSolution
		Debug|Any CPU = Debug|Any CPU
		Release|Any CPU = Release|Any CPU
	EndGlobalSection
	GlobalSection(ProjectConfigurationPlatforms) = postSolution
		{D1A3AE0E-8295-47C2-8796-6BAF833491B1}.Debug|Any CPU.ActiveCfg = Debug|Any CPU
		{D1A3AE0E-8295-47C2-8796-6BAF833491B1}.Debug|Any CPU.Build.0 = Debug|Any CPU
		{D1A3AE0E-8295-47C2-8796-6BAF833491B1}.Release|Any CPU.ActiveCfg = Release|Any CPU
		{D1A3AE0E-8295-47C2-8796-6BAF833491B1}.Release|Any CPU.Build.0 = Release|Any CPU
	EndGlobalSection
	GlobalSection(SolutionProperties) = preSolution
		HideSolutionNode = FALSE
	EndGlobalSection
	GlobalSection(ExtensibilityGlobals) = postSolution
		SolutionGuid = {584AB34F-37BA-4BCA-A496-AC520B6DDF54}
	EndGlobalSection
EndGlobal
